Microsoft Visual Studio Solution File, Format Version 12.00
# Visual Studio Version 17
VisualStudioVersion = 17.5.2.0
MinimumVisualStudioVersion = 10.0.40219.1
Project("{FAE04EC0-301F-11D3-BF4B-00C04F79EFBC}") = "DotNetWorkshop2026", "DotNetWorkshop2026.csproj", "{66412C83-DDFC-DF62-C78A-A4A2370B9657}"
EndProject
Global
	GlobalSection(SolutionConfigurationPlatforms) = preSolution
		Debug|Any CPU = Debug|Any CPU
		Release|Any CPU = Release|Any CPU
	EndGlobalSection
	GlobalSection(ProjectConfigurationPlatforms) = postSolution
		{66412C83-DDFC-DF62-C78A-A4A2370B9657}.Debug|Any CPU.ActiveCfg = Debug|Any CPU
		{66412C83-DDFC-DF62-C78A-A4A2370B9657}.Debug|Any CPU.Build.0 = Debug|Any CPU
		{66412C83-DDFC-DF62-C78A-A4A2370B9657}.Release|Any CPU.ActiveCfg = Release|Any CPU
		{66412C83-DDFC-DF62-C78A-A4A2370B9657}.Release|Any CPU.Build.0 = Release|Any CPU
	EndGlobalSection
	GlobalSection(SolutionProperties) = preSolution
		HideSolutionNode = FALSE
	EndGlobalSection
	GlobalSection(ExtensibilityGlobals) = postSolution
		SolutionGuid = {8F6C4F90-5245-4C28-817B-30B1F9303D9C}
	EndGlobalSection
EndGlobal
